// !$*UTF8*$!
{
	archiveVersion = 1;
	classes = {
	};
	objectVersion = 56;
	objects = {

/* Begin PBXBuildFile section */
		10130DD72B2CCC930062D111 /* 15Dec23.swift in Sources */ = {isa = PBXBuildFile; fileRef = 10130DD62B2CCC930062D111 /* 15Dec23.swift */; };
		10197AAE2B105157004DFBC1 /* AppDelegate.swift in Sources */ = {isa = PBXBuildFile; fileRef = 10197AAD2B105157004DFBC1 /* AppDelegate.swift */; };
		10197AB02B105157004DFBC1 /* SceneDelegate.swift in Sources */ = {isa = PBXBuildFile; fileRef = 10197AAF2B105157004DFBC1 /* SceneDelegate.swift */; };
		10197AB22B105157004DFBC1 /* ViewController.swift in Sources */ = {isa = PBXBuildFile; fileRef = 10197AB12B105157004DFBC1 /* ViewController.swift */; };
		10197AB52B105157004DFBC1 /* Main.storyboard in Resources */ = {isa = PBXBuildFile; fileRef = 10197AB32B105157004DFBC1 /* Main.storyboard */; };
		10197AB72B105158004DFBC1 /* Assets.xcassets in Resources */ = {isa = PBXBuildFile; fileRef = 10197AB62B105158004DFBC1 /* Assets.xcassets */; };
		10197ABA2B105158004DFBC1 /* LaunchScreen.storyboard in Resources */ = {isa = PBXBuildFile; fileRef = 10197AB82B105158004DFBC1 /* LaunchScreen.storyboard */; };
		10197AC42B1054AA004DFBC1 /* 23Nov23.swift in Sources */ = {isa = PBXBuildFile; fileRef = 10197AC32B1054AA004DFBC1 /* 23Nov23.swift */; };
		10197AC62B1056C7004DFBC1 /* 24Nov23.swift in Sources */ = {isa = PBXBuildFile; fileRef = 10197AC52B1056C7004DFBC1 /* 24Nov23.swift */; };
		102230E52B3752B20080E565 /* 23Dec23.swift in Sources */ = {isa = PBXBuildFile; fileRef = 102230E42B3752B20080E565 /* 23Dec23.swift */; };
		102289F82B2A3A1100E6532C /* 13Dec2023.swift in Sources */ = {isa = PBXBuildFile; fileRef = 102289F72B2A3A1100E6532C /* 13Dec2023.swift */; };
		102D95B92B2B83ED00CDAB96 /* 14Dec23.swift in Sources */ = {isa = PBXBuildFile; fileRef = 102D95B82B2B83ED00CDAB96 /* 14Dec23.swift */; };
		103083212B173E1B007153B9 /* 29Nov23.swift in Sources */ = {isa = PBXBuildFile; fileRef = 103083202B173E1B007153B9 /* 29Nov23.swift */; };
		10311C392B2DE954002DCD19 /* 16Dec23.swift in Sources */ = {isa = PBXBuildFile; fileRef = 10311C382B2DE954002DCD19 /* 16Dec23.swift */; };
		103341EB2B1E5D2700F5F67E /* 4Dec23.swift in Sources */ = {isa = PBXBuildFile; fileRef = 103341EA2B1E5D2700F5F67E /* 4Dec23.swift */; };
		103341ED2B1EE6E700F5F67E /* 5Dec23.swift in Sources */ = {isa = PBXBuildFile; fileRef = 103341EC2B1EE6E700F5F67E /* 5Dec23.swift */; };
		104EEABA2B1BC4C4006739F5 /* 2Dec23.swift in Sources */ = {isa = PBXBuildFile; fileRef = 104EEAB92B1BC4C4006739F5 /* 2Dec23.swift */; };
		10500EEE2B28CECF0044299D /* 12Dec23.swift in Sources */ = {isa = PBXBuildFile; fileRef = 10500EED2B28CECF0044299D /* 12Dec23.swift */; };
		105D48D62B31CEA40015E89C /* 19Dec23.swift in Sources */ = {isa = PBXBuildFile; fileRef = 105D48D52B31CEA40015E89C /* 19Dec23.swift */; };
		1064926A2B203078000DC956 /* 6Dec23.swift in Sources */ = {isa = PBXBuildFile; fileRef = 106492692B203078000DC956 /* 6Dec23.swift */; };
		107833552B34D5A500216931 /* 21Dec23.swift in Sources */ = {isa = PBXBuildFile; fileRef = 107833542B34D5A500216931 /* 21Dec23.swift */; };
		107833572B35EF2100216931 /* 22Dec23.swift in Sources */ = {isa = PBXBuildFile; fileRef = 107833562B35EF2100216931 /* 22Dec23.swift */; };
		10876A382B2703A300668015 /* 11Dec23.swift in Sources */ = {isa = PBXBuildFile; fileRef = 10876A372B2703A300668015 /* 11Dec23.swift */; };
		109251B42B32D1C700B6E90E /* 20Dec23.swift in Sources */ = {isa = PBXBuildFile; fileRef = 109251B32B32D1C700B6E90E /* 20Dec23.swift */; };
		109FCB832B2396150038E84B /* 8Dec2023.swift in Sources */ = {isa = PBXBuildFile; fileRef = 109FCB822B2396150038E84B /* 8Dec2023.swift */; };
		109FCB852B2418100038E84B /* 9Dec2023.swift in Sources */ = {isa = PBXBuildFile; fileRef = 109FCB842B2418100038E84B /* 9Dec2023.swift */; };
		10AA18E72B25ADD1006B46C1 /* 10Dec23.swift in Sources */ = {isa = PBXBuildFile; fileRef = 10AA18E62B25ADD1006B46C1 /* 10Dec23.swift */; };
		10ADC4622B21B91E00B34E8E /* 7Dec23.swift in Sources */ = {isa = PBXBuildFile; fileRef = 10ADC4612B21B91E00B34E8E /* 7Dec23.swift */; };
		10BFE3362B11C83000D9B8A9 /* 25Nov23.swift in Sources */ = {isa = PBXBuildFile; fileRef = 10BFE3352B11C83000D9B8A9 /* 25Nov23.swift */; };
		10D4A9772B30B014003F266B /* 17Dec23.swift in Sources */ = {isa = PBXBuildFile; fileRef = 10D4A9762B30B014003F266B /* 17Dec23.swift */; };
		10D4A9792B30B6F6003F266B /* 18Dec23.swift in Sources */ = {isa = PBXBuildFile; fileRef = 10D4A9782B30B6F6003F266B /* 18Dec23.swift */; };
		10E43BF52B1D07360057F5EA /* 3Dec23.swift in Sources */ = {isa = PBXBuildFile; fileRef = 10E43BF42B1D07360057F5EA /* 3Dec23.swift */; };
/* End PBXBuildFile section */

/* Begin PBXFileReference section */
		10130DD62B2CCC930062D111 /* 15Dec23.swift */ = {isa = PBXFileReference; lastKnownFileType = sourcecode.swift; path = 15Dec23.swift; sourceTree = "<group>"; };
		10197AAA2B105157004DFBC1 /* DailyLeet.app */ = {isa = PBXFileReference; explicitFileType = wrapper.application; includeInIndex = 0; path = DailyLeet.app; sourceTree = BUILT_PRODUCTS_DIR; };
		10197AAD2B105157004DFBC1 /* AppDelegate.swift */ = {isa = PBXFileReference; lastKnownFileType = sourcecode.swift; path = AppDelegate.swift; sourceTree = "<group>"; };
		10197AAF2B105157004DFBC1 /* SceneDelegate.swift */ = {isa = PBXFileReference; lastKnownFileType = sourcecode.swift; path = SceneDelegate.swift; sourceTree = "<group>"; };
		10197AB12B105157004DFBC1 /* ViewController.swift */ = {isa = PBXFileReference; lastKnownFileType = sourcecode.swift; path = ViewController.swift; sourceTree = "<group>"; };
		10197AB42B105157004DFBC1 /* Base */ = {isa = PBXFileReference; lastKnownFileType = file.storyboard; name = Base; path = Base.lproj/Main.storyboard; sourceTree = "<group>"; };
		10197AB62B105158004DFBC1 /* Assets.xcassets */ = {isa = PBXFileReference; lastKnownFileType = folder.assetcatalog; path = Assets.xcassets; sourceTree = "<group>"; };
		10197AB92B105158004DFBC1 /* Base */ = {isa = PBXFileReference; lastKnownFileType = file.storyboard; name = Base; path = Base.lproj/LaunchScreen.storyboard; sourceTree = "<group>"; };
		10197ABB2B105158004DFBC1 /* Info.plist */ = {isa = PBXFileReference; lastKnownFileType = text.plist.xml; path = Info.plist; sourceTree = "<group>"; };
		10197AC32B1054AA004DFBC1 /* 23Nov23.swift */ = {isa = PBXFileReference; lastKnownFileType = sourcecode.swift; path = 23Nov23.swift; sourceTree = "<group>"; };
		10197AC52B1056C7004DFBC1 /* 24Nov23.swift */ = {isa = PBXFileReference; lastKnownFileType = sourcecode.swift; path = 24Nov23.swift; sourceTree = "<group>"; };
		102230E42B3752B20080E565 /* 23Dec23.swift */ = {isa = PBXFileReference; lastKnownFileType = sourcecode.swift; path = 23Dec23.swift; sourceTree = "<group>"; };
		102289F72B2A3A1100E6532C /* 13Dec2023.swift */ = {isa = PBXFileReference; lastKnownFileType = sourcecode.swift; path = 13Dec2023.swift; sourceTree = "<group>"; };
		102D95B82B2B83ED00CDAB96 /* 14Dec23.swift */ = {isa = PBXFileReference; lastKnownFileType = sourcecode.swift; path = 14Dec23.swift; sourceTree = "<group>"; };
		103083202B173E1B007153B9 /* 29Nov23.swift */ = {isa = PBXFileReference; lastKnownFileType = sourcecode.swift; path = 29Nov23.swift; sourceTree = "<group>"; };
		10311C382B2DE954002DCD19 /* 16Dec23.swift */ = {isa = PBXFileReference; lastKnownFileType = sourcecode.swift; path = 16Dec23.swift; sourceTree = "<group>"; };
		103341EA2B1E5D2700F5F67E /* 4Dec23.swift */ = {isa = PBXFileReference; lastKnownFileType = sourcecode.swift; path = 4Dec23.swift; sourceTree = "<group>"; };
		103341EC2B1EE6E700F5F67E /* 5Dec23.swift */ = {isa = PBXFileReference; lastKnownFileType = sourcecode.swift; path = 5Dec23.swift; sourceTree = "<group>"; };
		104EEAB92B1BC4C4006739F5 /* 2Dec23.swift */ = {isa = PBXFileReference; lastKnownFileType = sourcecode.swift; path = 2Dec23.swift; sourceTree = "<group>"; };
		10500EED2B28CECF0044299D /* 12Dec23.swift */ = {isa = PBXFileReference; lastKnownFileType = sourcecode.swift; path = 12Dec23.swift; sourceTree = "<group>"; };
		105D48D52B31CEA40015E89C /* 19Dec23.swift */ = {isa = PBXFileReference; lastKnownFileType = sourcecode.swift; path = 19Dec23.swift; sourceTree = "<group>"; };
		106492692B203078000DC956 /* 6Dec23.swift */ = {isa = PBXFileReference; lastKnownFileType = sourcecode.swift; path = 6Dec23.swift; sourceTree = "<group>"; };
		107833542B34D5A500216931 /* 21Dec23.swift */ = {isa = PBXFileReference; lastKnownFileType = sourcecode.swift; path = 21Dec23.swift; sourceTree = "<group>"; };
		107833562B35EF2100216931 /* 22Dec23.swift */ = {isa = PBXFileReference; lastKnownFileType = sourcecode.swift; path = 22Dec23.swift; sourceTree = "<group>"; };
		10876A372B2703A300668015 /* 11Dec23.swift */ = {isa = PBXFileReference; lastKnownFileType = sourcecode.swift; path = 11Dec23.swift; sourceTree = "<group>"; };
		109251B32B32D1C700B6E90E /* 20Dec23.swift */ = {isa = PBXFileReference; lastKnownFileType = sourcecode.swift; path = 20Dec23.swift; sourceTree = "<group>"; };
		109FCB822B2396150038E84B /* 8Dec2023.swift */ = {isa = PBXFileReference; lastKnownFileType = sourcecode.swift; path = 8Dec2023.swift; sourceTree = "<group>"; };
		109FCB842B2418100038E84B /* 9Dec2023.swift */ = {isa = PBXFileReference; lastKnownFileType = sourcecode.swift; path = 9Dec2023.swift; sourceTree = "<group>"; };
		10AA18E62B25ADD1006B46C1 /* 10Dec23.swift */ = {isa = PBXFileReference; lastKnownFileType = sourcecode.swift; path = 10Dec23.swift; sourceTree = "<group>"; };
		10ADC4612B21B91E00B34E8E /* 7Dec23.swift */ = {isa = PBXFileReference; lastKnownFileType = sourcecode.swift; path = 7Dec23.swift; sourceTree = "<group>"; };
		10BFE3352B11C83000D9B8A9 /* 25Nov23.swift */ = {isa = PBXFileReference; lastKnownFileType = sourcecode.swift; path = 25Nov23.swift; sourceTree = "<group>"; };
		10D4A9762B30B014003F266B /* 17Dec23.swift */ = {isa = PBXFileReference; lastKnownFileType = sourcecode.swift; path = 17Dec23.swift; sourceTree = "<group>"; };
		10D4A9782B30B6F6003F266B /* 18Dec23.swift */ = {isa = PBXFileReference; lastKnownFileType = sourcecode.swift; path = 18Dec23.swift; sourceTree = "<group>"; };
		10E43BF42B1D07360057F5EA /* 3Dec23.swift */ = {isa = PBXFileReference; lastKnownFileType = sourcecode.swift; path = 3Dec23.swift; sourceTree = "<group>"; };
/* End PBXFileReference section */

/* Begin PBXFrameworksBuildPhase section */
		10197AA72B105157004DFBC1 /* Frameworks */ = {
			isa = PBXFrameworksBuildPhase;
			buildActionMask = 2147483647;
			files = (
			);
			runOnlyForDeploymentPostprocessing = 0;
		};
/* End PBXFrameworksBuildPhase section */

/* Begin PBXGroup section */
		10197AA12B105157004DFBC1 = {
			isa = PBXGroup;
			children = (
				10197AAC2B105157004DFBC1 /* DailyLeet */,
				10197AAB2B105157004DFBC1 /* Products */,
			);
			sourceTree = "<group>";
		};
		10197AAB2B105157004DFBC1 /* Products */ = {
			isa = PBXGroup;
			children = (
				10197AAA2B105157004DFBC1 /* DailyLeet.app */,
			);
			name = Products;
			sourceTree = "<group>";
		};
		10197AAC2B105157004DFBC1 /* DailyLeet */ = {
			isa = PBXGroup;
			children = (
				10197AC22B1053E9004DFBC1 /* Nov2023 */,
				104EEAB82B1BC4A2006739F5 /* Dec2023 */,
				10197AC12B1053C1004DFBC1 /* Launch */,
				10197AB12B105157004DFBC1 /* ViewController.swift */,
				10197ABB2B105158004DFBC1 /* Info.plist */,
			);
			path = DailyLeet;
			sourceTree = "<group>";
		};
		10197AC12B1053C1004DFBC1 /* Launch */ = {
			isa = PBXGroup;
			children = (
				10197AAD2B105157004DFBC1 /* AppDelegate.swift */,
				10197AAF2B105157004DFBC1 /* SceneDelegate.swift */,
				10197AB32B105157004DFBC1 /* Main.storyboard */,
				10197AB62B105158004DFBC1 /* Assets.xcassets */,
				10197AB82B105158004DFBC1 /* LaunchScreen.storyboard */,
			);
			path = Launch;
			sourceTree = "<group>";
		};
		10197AC22B1053E9004DFBC1 /* Nov2023 */ = {
			isa = PBXGroup;
			children = (
				10197AC32B1054AA004DFBC1 /* 23Nov23.swift */,
				10197AC52B1056C7004DFBC1 /* 24Nov23.swift */,
				10BFE3352B11C83000D9B8A9 /* 25Nov23.swift */,
				103083202B173E1B007153B9 /* 29Nov23.swift */,
			);
			path = Nov2023;
			sourceTree = "<group>";
		};
		104EEAB82B1BC4A2006739F5 /* Dec2023 */ = {
			isa = PBXGroup;
			children = (
				104EEAB92B1BC4C4006739F5 /* 2Dec23.swift */,
				10E43BF42B1D07360057F5EA /* 3Dec23.swift */,
				103341EA2B1E5D2700F5F67E /* 4Dec23.swift */,
				103341EC2B1EE6E700F5F67E /* 5Dec23.swift */,
				106492692B203078000DC956 /* 6Dec23.swift */,
				10ADC4612B21B91E00B34E8E /* 7Dec23.swift */,
				109FCB822B2396150038E84B /* 8Dec2023.swift */,
				109FCB842B2418100038E84B /* 9Dec2023.swift */,
				10AA18E62B25ADD1006B46C1 /* 10Dec23.swift */,
				10876A372B2703A300668015 /* 11Dec23.swift */,
				10500EED2B28CECF0044299D /* 12Dec23.swift */,
				102289F72B2A3A1100E6532C /* 13Dec2023.swift */,
				102D95B82B2B83ED00CDAB96 /* 14Dec23.swift */,
				10130DD62B2CCC930062D111 /* 15Dec23.swift */,
				10311C382B2DE954002DCD19 /* 16Dec23.swift */,
				10D4A9762B30B014003F266B /* 17Dec23.swift */,
				10D4A9782B30B6F6003F266B /* 18Dec23.swift */,
				105D48D52B31CEA40015E89C /* 19Dec23.swift */,
				109251B32B32D1C700B6E90E /* 20Dec23.swift */,
				107833542B34D5A500216931 /* 21Dec23.swift */,
				107833562B35EF2100216931 /* 22Dec23.swift */,
				102230E42B3752B20080E565 /* 23Dec23.swift */,
			);
			path = Dec2023;
			sourceTree = "<group>";
		};
/* End PBXGroup section */

/* Begin PBXNativeTarget section */
		10197AA92B105157004DFBC1 /* DailyLeet */ = {
			isa = PBXNativeTarget;
			buildConfigurationList = 10197ABE2B105158004DFBC1 /* Build configuration list for PBXNativeTarget "DailyLeet" */;
			buildPhases = (
				10197AA62B105157004DFBC1 /* Sources */,
				10197AA72B105157004DFBC1 /* Frameworks */,
				10197AA82B105157004DFBC1 /* Resources */,
			);
			buildRules = (
			);
			dependencies = (
			);
			name = DailyLeet;
			productName = DailyLeet;
			productReference = 10197AAA2B105157004DFBC1 /* DailyLeet.app */;
			productType = "com.apple.product-type.application";
		};
/* End PBXNativeTarget section */

/* Begin PBXProject section */
		10197AA22B105157004DFBC1 /* Project object */ = {
			isa = PBXProject;
			attributes = {
				BuildIndependentTargetsInParallel = 1;
				LastSwiftUpdateCheck = 1430;
				LastUpgradeCheck = 1430;
				TargetAttributes = {
					10197AA92B105157004DFBC1 = {
						CreatedOnToolsVersion = 14.3.1;
					};
				};
			};
			buildConfigurationList = 10197AA52B105157004DFBC1 /* Build configuration list for PBXProject "DailyLeet" */;
			compatibilityVersion = "Xcode 14.0";
			developmentRegion = en;
			hasScannedForEncodings = 0;
			knownRegions = (
				en,
				Base,
			);
			mainGroup = 10197AA12B105157004DFBC1;
			productRefGroup = 10197AAB2B105157004DFBC1 /* Products */;
			projectDirPath = "";
			projectRoot = "";
			targets = (
				10197AA92B105157004DFBC1 /* DailyLeet */,
			);
		};
/* End PBXProject section */

/* Begin PBXResourcesBuildPhase section */
		10197AA82B105157004DFBC1 /* Resources */ = {
			isa = PBXResourcesBuildPhase;
			buildActionMask = 2147483647;
			files = (
				10197ABA2B105158004DFBC1 /* LaunchScreen.storyboard in Resources */,
				10197AB72B105158004DFBC1 /* Assets.xcassets in Resources */,
				10197AB52B105157004DFBC1 /* Main.storyboard in Resources */,
			);
			runOnlyForDeploymentPostprocessing = 0;
		};
/* End PBXResourcesBuildPhase section */

/* Begin PBXSourcesBuildPhase section */
		10197AA62B105157004DFBC1 /* Sources */ = {
			isa = PBXSourcesBuildPhase;
			buildActionMask = 2147483647;
			files = (
				102289F82B2A3A1100E6532C /* 13Dec2023.swift in Sources */,
				10500EEE2B28CECF0044299D /* 12Dec23.swift in Sources */,
				10D4A9792B30B6F6003F266B /* 18Dec23.swift in Sources */,
				10E43BF52B1D07360057F5EA /* 3Dec23.swift in Sources */,
				10197AB22B105157004DFBC1 /* ViewController.swift in Sources */,
				107833572B35EF2100216931 /* 22Dec23.swift in Sources */,
				1064926A2B203078000DC956 /* 6Dec23.swift in Sources */,
				10ADC4622B21B91E00B34E8E /* 7Dec23.swift in Sources */,
				109251B42B32D1C700B6E90E /* 20Dec23.swift in Sources */,
				102230E52B3752B20080E565 /* 23Dec23.swift in Sources */,
				109FCB832B2396150038E84B /* 8Dec2023.swift in Sources */,
				10197AC62B1056C7004DFBC1 /* 24Nov23.swift in Sources */,
				104EEABA2B1BC4C4006739F5 /* 2Dec23.swift in Sources */,
				103341ED2B1EE6E700F5F67E /* 5Dec23.swift in Sources */,
				10311C392B2DE954002DCD19 /* 16Dec23.swift in Sources */,
				102D95B92B2B83ED00CDAB96 /* 14Dec23.swift in Sources */,
				109FCB852B2418100038E84B /* 9Dec2023.swift in Sources */,
				10BFE3362B11C83000D9B8A9 /* 25Nov23.swift in Sources */,
				10AA18E72B25ADD1006B46C1 /* 10Dec23.swift in Sources */,
				10D4A9772B30B014003F266B /* 17Dec23.swift in Sources */,
				10197AAE2B105157004DFBC1 /* AppDelegate.swift in Sources */,
				103341EB2B1E5D2700F5F67E /* 4Dec23.swift in Sources */,
				10876A382B2703A300668015 /* 11Dec23.swift in Sources */,
				107833552B34D5A500216931 /* 21Dec23.swift in Sources */,
				10197AC42B1054AA004DFBC1 /* 23Nov23.swift in Sources */,
				105D48D62B31CEA40015E89C /* 19Dec23.swift in Sources */,
				10197AB02B105157004DFBC1 /* SceneDelegate.swift in Sources */,
				10130DD72B2CCC930062D111 /* 15Dec23.swift in Sources */,
				103083212B173E1B007153B9 /* 29Nov23.swift in Sources */,
			);
			runOnlyForDeploymentPostprocessing = 0;
		};
/* End PBXSourcesBuildPhase section */

/* Begin PBXVariantGroup section */
		10197AB32B105157004DFBC1 /* Main.storyboard */ = {
			isa = PBXVariantGroup;
			children = (
				10197AB42B105157004DFBC1 /* Base */,
			);
			name = Main.storyboard;
			sourceTree = "<group>";
		};
		10197AB82B105158004DFBC1 /* LaunchScreen.storyboard */ = {
			isa = PBXVariantGroup;
			children = (
				10197AB92B105158004DFBC1 /* Base */,
			);
			name = LaunchScreen.storyboard;
			sourceTree = "<group>";
		};
/* End PBXVariantGroup section */

/* Begin XCBuildConfiguration section */
		10197ABC2B105158004DFBC1 /* Debug */ = {
			isa = XCBuildConfiguration;
			buildSettings = {
				ALWAYS_SEARCH_USER_PATHS = NO;
				CLANG_ANALYZER_NONNULL = YES;
				CLANG_ANALYZER_NUMBER_OBJECT_CONVERSION = YES_AGGRESSIVE;
				CLANG_CXX_LANGUAGE_STANDARD = "gnu++20";
				CLANG_ENABLE_MODULES = YES;
				CLANG_ENABLE_OBJC_ARC = YES;
				CLANG_ENABLE_OBJC_WEAK = YES;
				CLANG_WARN_BLOCK_CAPTURE_AUTORELEASING = YES;
				CLANG_WARN_BOOL_CONVERSION = YES;
				CLANG_WARN_COMMA = YES;
				CLANG_WARN_CONSTANT_CONVERSION = YES;
				CLANG_WARN_DEPRECATED_OBJC_IMPLEMENTATIONS = YES;
				CLANG_WARN_DIRECT_OBJC_ISA_USAGE = YES_ERROR;
				CLANG_WARN_DOCUMENTATION_COMMENTS = YES;
				CLANG_WARN_EMPTY_BODY = YES;
				CLANG_WARN_ENUM_CONVERSION = YES;
				CLANG_WARN_INFINITE_RECURSION = YES;
				CLANG_WARN_INT_CONVERSION = YES;
				CLANG_WARN_NON_LITERAL_NULL_CONVERSION = YES;
				CLANG_WARN_OBJC_IMPLICIT_RETAIN_SELF = YES;
				CLANG_WARN_OBJC_LITERAL_CONVERSION = YES;
				CLANG_WARN_OBJC_ROOT_CLASS = YES_ERROR;
				CLANG_WARN_QUOTED_INCLUDE_IN_FRAMEWORK_HEADER = YES;
				CLANG_WARN_RANGE_LOOP_ANALYSIS = YES;
				CLANG_WARN_STRICT_PROTOTYPES = YES;
				CLANG_WARN_SUSPICIOUS_MOVE = YES;
				CLANG_WARN_UNGUARDED_AVAILABILITY = YES_AGGRESSIVE;
				CLANG_WARN_UNREACHABLE_CODE = YES;
				CLANG_WARN__DUPLICATE_METHOD_MATCH = YES;
				COPY_PHASE_STRIP = NO;
				DEBUG_INFORMATION_FORMAT = dwarf;
				ENABLE_STRICT_OBJC_MSGSEND = YES;
				ENABLE_TESTABILITY = YES;
				GCC_C_LANGUAGE_STANDARD = gnu11;
				GCC_DYNAMIC_NO_PIC = NO;
				GCC_NO_COMMON_BLOCKS = YES;
				GCC_OPTIMIZATION_LEVEL = 0;
				GCC_PREPROCESSOR_DEFINITIONS = (
					"DEBUG=1",
					"$(inherited)",
				);
				GCC_WARN_64_TO_32_BIT_CONVERSION = YES;
				GCC_WARN_ABOUT_RETURN_TYPE = YES_ERROR;
				GCC_WARN_UNDECLARED_SELECTOR = YES;
				GCC_WARN_UNINITIALIZED_AUTOS = YES_AGGRESSIVE;
				GCC_WARN_UNUSED_FUNCTION = YES;
				GCC_WARN_UNUSED_VARIABLE = YES;
				IPHONEOS_DEPLOYMENT_TARGET = 16.4;
				MTL_ENABLE_DEBUG_INFO = INCLUDE_SOURCE;
				MTL_FAST_MATH = YES;
				ONLY_ACTIVE_ARCH = YES;
				SDKROOT = iphoneos;
				SWIFT_ACTIVE_COMPILATION_CONDITIONS = DEBUG;
				SWIFT_OPTIMIZATION_LEVEL = "-Onone";
			};
			name = Debug;
		};
		10197ABD2B105158004DFBC1 /* Release */ = {
			isa = XCBuildConfiguration;
			buildSettings = {
				ALWAYS_SEARCH_USER_PATHS = NO;
				CLANG_ANALYZER_NONNULL = YES;
				CLANG_ANALYZER_NUMBER_OBJECT_CONVERSION = YES_AGGRESSIVE;
				CLANG_CXX_LANGUAGE_STANDARD = "gnu++20";
				CLANG_ENABLE_MODULES = YES;
				CLANG_ENABLE_OBJC_ARC = YES;
				CLANG_ENABLE_OBJC_WEAK = YES;
				CLANG_WARN_BLOCK_CAPTURE_AUTORELEASING = YES;
				CLANG_WARN_BOOL_CONVERSION = YES;
				CLANG_WARN_COMMA = YES;
				CLANG_WARN_CONSTANT_CONVERSION = YES;
				CLANG_WARN_DEPRECATED_OBJC_IMPLEMENTATIONS = YES;
				CLANG_WARN_DIRECT_OBJC_ISA_USAGE = YES_ERROR;
				CLANG_WARN_DOCUMENTATION_COMMENTS = YES;
				CLANG_WARN_EMPTY_BODY = YES;
				CLANG_WARN_ENUM_CONVERSION = YES;
				CLANG_WARN_INFINITE_RECURSION = YES;
				CLANG_WARN_INT_CONVERSION = YES;
				CLANG_WARN_NON_LITERAL_NULL_CONVERSION = YES;
				CLANG_WARN_OBJC_IMPLICIT_RETAIN_SELF = YES;
				CLANG_WARN_OBJC_LITERAL_CONVERSION = YES;
				CLANG_WARN_OBJC_ROOT_CLASS = YES_ERROR;
				CLANG_WARN_QUOTED_INCLUDE_IN_FRAMEWORK_HEADER = YES;
				CLANG_WARN_RANGE_LOOP_ANALYSIS = YES;
				CLANG_WARN_STRICT_PROTOTYPES = YES;
				CLANG_WARN_SUSPICIOUS_MOVE = YES;
				CLANG_WARN_UNGUARDED_AVAILABILITY = YES_AGGRESSIVE;
				CLANG_WARN_UNREACHABLE_CODE = YES;
				CLANG_WARN__DUPLICATE_METHOD_MATCH = YES;
				COPY_PHASE_STRIP = NO;
				DEBUG_INFORMATION_FORMAT = "dwarf-with-dsym";
				ENABLE_NS_ASSERTIONS = NO;
				ENABLE_STRICT_OBJC_MSGSEND = YES;
				GCC_C_LANGUAGE_STANDARD = gnu11;
				GCC_NO_COMMON_BLOCKS = YES;
				GCC_WARN_64_TO_32_BIT_CONVERSION = YES;
				GCC_WARN_ABOUT_RETURN_TYPE = YES_ERROR;
				GCC_WARN_UNDECLARED_SELECTOR = YES;
				GCC_WARN_UNINITIALIZED_AUTOS = YES_AGGRESSIVE;
				GCC_WARN_UNUSED_FUNCTION = YES;
				GCC_WARN_UNUSED_VARIABLE = YES;
				IPHONEOS_DEPLOYMENT_TARGET = 16.4;
				MTL_ENABLE_DEBUG_INFO = NO;
				MTL_FAST_MATH = YES;
				SDKROOT = iphoneos;
				SWIFT_COMPILATION_MODE = wholemodule;
				SWIFT_OPTIMIZATION_LEVEL = "-O";
				VALIDATE_PRODUCT = YES;
			};
			name = Release;
		};
		10197ABF2B105158004DFBC1 /* Debug */ = {
			isa = XCBuildConfiguration;
			buildSettings = {
				ASSETCATALOG_COMPILER_APPICON_NAME = AppIcon;
				ASSETCATALOG_COMPILER_GLOBAL_ACCENT_COLOR_NAME = AccentColor;
				CODE_SIGN_STYLE = Automatic;
				CURRENT_PROJECT_VERSION = 1;
				DEVELOPMENT_TEAM = 84UUUS3LYJ;
				GENERATE_INFOPLIST_FILE = YES;
				INFOPLIST_FILE = DailyLeet/Info.plist;
				INFOPLIST_KEY_UIApplicationSupportsIndirectInputEvents = YES;
				INFOPLIST_KEY_UILaunchStoryboardName = LaunchScreen;
				INFOPLIST_KEY_UIMainStoryboardFile = Main;
				INFOPLIST_KEY_UISupportedInterfaceOrientations_iPad = "UIInterfaceOrientationPortrait UIInterfaceOrientationPortraitUpsideDown UIInterfaceOrientationLandscapeLeft UIInterfaceOrientationLandscapeRight";
				INFOPLIST_KEY_UISupportedInterfaceOrientations_iPhone = "UIInterfaceOrientationPortrait UIInterfaceOrientationLandscapeLeft UIInterfaceOrientationLandscapeRight";
				LD_RUNPATH_SEARCH_PATHS = (
					"$(inherited)",
					"@executable_path/Frameworks",
				);
				MARKETING_VERSION = 1.0;
				PRODUCT_BUNDLE_IDENTIFIER = kshitij.DailyLeet;
				PRODUCT_NAME = "$(TARGET_NAME)";
				SWIFT_EMIT_LOC_STRINGS = YES;
				SWIFT_VERSION = 5.0;
				TARGETED_DEVICE_FAMILY = "1,2";
			};
			name = Debug;
		};
		10197AC02B105158004DFBC1 /* Release */ = {
			isa = XCBuildConfiguration;
			buildSettings = {
				ASSETCATALOG_COMPILER_APPICON_NAME = AppIcon;
				ASSETCATALOG_COMPILER_GLOBAL_ACCENT_COLOR_NAME = AccentColor;
				CODE_SIGN_STYLE = Automatic;
				CURRENT_PROJECT_VERSION = 1;
				DEVELOPMENT_TEAM = 84UUUS3LYJ;
				GENERATE_INFOPLIST_FILE = YES;
				INFOPLIST_FILE = DailyLeet/Info.plist;
				INFOPLIST_KEY_UIApplicationSupportsIndirectInputEvents = YES;
				INFOPLIST_KEY_UILaunchStoryboardName = LaunchScreen;
				INFOPLIST_KEY_UIMainStoryboardFile = Main;
				INFOPLIST_KEY_UISupportedInterfaceOrientations_iPad = "UIInterfaceOrientationPortrait UIInterfaceOrientationPortraitUpsideDown UIInterfaceOrientationLandscapeLeft UIInterfaceOrientationLandscapeRight";
				INFOPLIST_KEY_UISupportedInterfaceOrientations_iPhone = "UIInterfaceOrientationPortrait UIInterfaceOrientationLandscapeLeft UIInterfaceOrientationLandscapeRight";
				LD_RUNPATH_SEARCH_PATHS = (
					"$(inherited)",
					"@executable_path/Frameworks",
				);
				MARKETING_VERSION = 1.0;
				PRODUCT_BUNDLE_IDENTIFIER = kshitij.DailyLeet;
				PRODUCT_NAME = "$(TARGET_NAME)";
				SWIFT_EMIT_LOC_STRINGS = YES;
				SWIFT_VERSION = 5.0;
				TARGETED_DEVICE_FAMILY = "1,2";
			};
			name = Release;
		};
/* End XCBuildConfiguration section */

/* Begin XCConfigurationList section */
		10197AA52B105157004DFBC1 /* Build configuration list for PBXProject "DailyLeet" */ = {
			isa = XCConfigurationList;
			buildConfigurations = (
				10197ABC2B105158004DFBC1 /* Debug */,
				10197ABD2B105158004DFBC1 /* Release */,
			);
			defaultConfigurationIsVisible = 0;
			defaultConfigurationName = Release;
		};
		10197ABE2B105158004DFBC1 /* Build configuration list for PBXNativeTarget "DailyLeet" */ = {
			isa = XCConfigurationList;
			buildConfigurations = (
				10197ABF2B105158004DFBC1 /* Debug */,
				10197AC02B105158004DFBC1 /* Release */,
			);
			defaultConfigurationIsVisible = 0;
			defaultConfigurationName = Release;
		};
/* End XCConfigurationList section */
	};
	rootObject = 10197AA22B105157004DFBC1 /* Project object */;
}
